
Microsoft Visual Studio Solution File, Format Version 12.00
# Visual Studio Version 16
VisualStudioVersion = 16.0.29418.71
MinimumVisualStudioVersion = 10.0.40219.1
Project("{9A19103F-16F7-4668-BE54-9A1E7A4F7556}") = "Saeb.FunctionApp", "Saeb.FunctionApp\Saeb.FunctionApp.csproj", "{F1D6EA12-C269-40BA-A75D-F5EA17559CB9}"
EndProject
Project("{9A19103F-16F7-4668-BE54-9A1E7A4F7556}") = "Saeb.FunctionApp.IntegrationTests", "Saeb.FunctionApp.IntegrationTests\Saeb.FunctionApp.IntegrationTests.csproj", "{8548614D-0615-4115-B18C-D4160B6FCFCB}"
EndProject
Project("{9A19103F-16F7-4668-BE54-9A1E7A4F7556}") = "Saeb.FunctionApp.Domain", "Saeb.FunctionApp.Domain\Saeb.FunctionApp.Domain.csproj", "{39C9FFAC-F089-4303-AF6B-34A3456AF727}"
EndProject
Project("{2150E333-8FDC-42A3-9474-1A3956D46DE8}") = "Solution Items", "Solution Items", "{995F2D27-D284-496F-BADE-B598434E0484}"
	ProjectSection(SolutionItems) = preProject
		.editorconfig = .editorconfig
		azure-pipelines.yml = azure-pipelines.yml
		README.md = README.md
	EndProjectSection
EndProject
Global
	GlobalSection(SolutionConfigurationPlatforms) = preSolution
		Debug|Any CPU = Debug|Any CPU
		Release|Any CPU = Release|Any CPU
	EndGlobalSection
	GlobalSection(ProjectConfigurationPlatforms) = postSolution
		{F1D6EA12-C269-40BA-A75D-F5EA17559CB9}.Debug|Any CPU.ActiveCfg = Debug|Any CPU
		{F1D6EA12-C269-40BA-A75D-F5EA17559CB9}.Debug|Any CPU.Build.0 = Debug|Any CPU
		{F1D6EA12-C269-40BA-A75D-F5EA17559CB9}.Release|Any CPU.ActiveCfg = Release|Any CPU
		{F1D6EA12-C269-40BA-A75D-F5EA17559CB9}.Release|Any CPU.Build.0 = Release|Any CPU
		{8548614D-0615-4115-B18C-D4160B6FCFCB}.Debug|Any CPU.ActiveCfg = Debug|Any CPU
		{8548614D-0615-4115-B18C-D4160B6FCFCB}.Debug|Any CPU.Build.0 = Debug|Any CPU
		{8548614D-0615-4115-B18C-D4160B6FCFCB}.Release|Any CPU.ActiveCfg = Release|Any CPU
		{8548614D-0615-4115-B18C-D4160B6FCFCB}.Release|Any CPU.Build.0 = Release|Any CPU
		{39C9FFAC-F089-4303-AF6B-34A3456AF727}.Debug|Any CPU.ActiveCfg = Debug|Any CPU
		{39C9FFAC-F089-4303-AF6B-34A3456AF727}.Debug|Any CPU.Build.0 = Debug|Any CPU
		{39C9FFAC-F089-4303-AF6B-34A3456AF727}.Release|Any CPU.ActiveCfg = Release|Any CPU
		{39C9FFAC-F089-4303-AF6B-34A3456AF727}.Release|Any CPU.Build.0 = Release|Any CPU
	EndGlobalSection
	GlobalSection(SolutionProperties) = preSolution
		HideSolutionNode = FALSE
	EndGlobalSection
	GlobalSection(ExtensibilityGlobals) = postSolution
		SolutionGuid = {7DA4CFD4-1C34-494C-92CA-7AC35C5C9E85}
	EndGlobalSection
EndGlobal
